{
    "symfony/flex": {
        "version": "1.22",
        "recipe": {
            "repo": "github.com/symfony/recipes",
            "branch": "main",
            "version": "1.0",
            "ref": "146251ae39e06a95be0fe3d13c807bcf3938b172"
        },
        "files": [
            ".env"
        ]
    },
    "symfony/lock": {
        "version": "4.4",
        "recipe": {
            "repo": "github.com/symfony/recipes",
            "branch": "main",
            "version": "4.4",
            "ref": "d9d21f740e47e96d5a26027ceb11ec7195af36be"
        },
        "files": [
            "config/packages/lock.yaml"
        ]
    },
    "symfony/translation": {
        "version": "4.4",
        "recipe": {
            "repo": "github.com/symfony/recipes",
            "branch": "main",
            "version": "3.3",
            "ref": "2ad9d2545bce8ca1a863e50e92141f0b9d87ffcd"
        },
        "files": [
            "config/packages/translation.yaml",
            "translations/.gitignore"
        ]
    }
}
